// !$*UTF8*$!
{
	archiveVersion = 1;
	classes = {
	};
	objectVersion = 56;
	objects = {

/* Begin PBXBuildFile section */
		D934655829541FD80042A101 /* BookContextView.swift in Sources */ = {isa = PBXBuildFile; fileRef = D934655729541FD80042A101 /* BookContextView.swift */; };
		D934655A29541FFD0042A101 /* MusicConextView.swift in Sources */ = {isa = PBXBuildFile; fileRef = D934655929541FFD0042A101 /* MusicConextView.swift */; };
		D934655C295420150042A101 /* PictureContextView.swift in Sources */ = {isa = PBXBuildFile; fileRef = D934655B295420150042A101 /* PictureContextView.swift */; };
		D934655E2954202E0042A101 /* MoviesContextView.swift in Sources */ = {isa = PBXBuildFile; fileRef = D934655D2954202E0042A101 /* MoviesContextView.swift */; };
		D9346560295421760042A101 /* TaskItemView.swift in Sources */ = {isa = PBXBuildFile; fileRef = D934655F295421760042A101 /* TaskItemView.swift */; };
		D934656229542B1C0042A101 /* MoviesItemView.swift in Sources */ = {isa = PBXBuildFile; fileRef = D934656129542B1C0042A101 /* MoviesItemView.swift */; };
		D934656429542B3D0042A101 /* MoviesListView.swift in Sources */ = {isa = PBXBuildFile; fileRef = D934656329542B3D0042A101 /* MoviesListView.swift */; };
		D934656629542B600042A101 /* MoviesDetailView.swift in Sources */ = {isa = PBXBuildFile; fileRef = D934656529542B600042A101 /* MoviesDetailView.swift */; };
		D934656929543E410042A101 /* ProgressLoadView.swift in Sources */ = {isa = PBXBuildFile; fileRef = D934656829543E410042A101 /* ProgressLoadView.swift */; };
		D934656B295474FC0042A101 /* MoviesPlayView.swift in Sources */ = {isa = PBXBuildFile; fileRef = D934656A295474FC0042A101 /* MoviesPlayView.swift */; };
		D975E27E294ED201003BB2A6 /* ifeastAppApp.swift in Sources */ = {isa = PBXBuildFile; fileRef = D975E27D294ED201003BB2A6 /* ifeastAppApp.swift */; };
		D975E280294ED201003BB2A6 /* ContentView.swift in Sources */ = {isa = PBXBuildFile; fileRef = D975E27F294ED201003BB2A6 /* ContentView.swift */; };
		D975E282294ED202003BB2A6 /* Assets.xcassets in Resources */ = {isa = PBXBuildFile; fileRef = D975E281294ED202003BB2A6 /* Assets.xcassets */; };
		D975E285294ED202003BB2A6 /* Preview Assets.xcassets in Resources */ = {isa = PBXBuildFile; fileRef = D975E284294ED202003BB2A6 /* Preview Assets.xcassets */; };
		D975E287294ED202003BB2A6 /* Persistence.swift in Sources */ = {isa = PBXBuildFile; fileRef = D975E286294ED202003BB2A6 /* Persistence.swift */; };
		D975E28A294ED202003BB2A6 /* ifeastApp.xcdatamodeld in Sources */ = {isa = PBXBuildFile; fileRef = D975E288294ED202003BB2A6 /* ifeastApp.xcdatamodeld */; };
		D975E2B3294F4153003BB2A6 /* MediaType.swift in Sources */ = {isa = PBXBuildFile; fileRef = D975E2B2294F4153003BB2A6 /* MediaType.swift */; };
		D975E2B5294F41A8003BB2A6 /* TmdbService.swift in Sources */ = {isa = PBXBuildFile; fileRef = D975E2B4294F41A8003BB2A6 /* TmdbService.swift */; };
		D975E2B7294F4228003BB2A6 /* MediaResult.swift in Sources */ = {isa = PBXBuildFile; fileRef = D975E2B6294F4228003BB2A6 /* MediaResult.swift */; };
		D975E2B9294F4270003BB2A6 /* Media.swift in Sources */ = {isa = PBXBuildFile; fileRef = D975E2B8294F4270003BB2A6 /* Media.swift */; };
		D975E2BB294F42C2003BB2A6 /* MediaType.swift in Sources */ = {isa = PBXBuildFile; fileRef = D975E2BA294F42C2003BB2A6 /* MediaType.swift */; };
		D975E2BD294F431C003BB2A6 /* Language.swift in Sources */ = {isa = PBXBuildFile; fileRef = D975E2BC294F431C003BB2A6 /* Language.swift */; };
		D9F83AC32955C01100341AE9 /* StickyAsyncImageSwiftUI.swift in Sources */ = {isa = PBXBuildFile; fileRef = D9F83AC22955C01100341AE9 /* StickyAsyncImageSwiftUI.swift */; };
		D9F83AC52955C03D00341AE9 /* Double + Ext.swift in Sources */ = {isa = PBXBuildFile; fileRef = D9F83AC42955C03D00341AE9 /* Double + Ext.swift */; };
		D9F83AC72955C09200341AE9 /* MediaApi.swift in Sources */ = {isa = PBXBuildFile; fileRef = D9F83AC62955C09200341AE9 /* MediaApi.swift */; };
		D9F83AC92955C16800341AE9 /* WebdavService.swift in Sources */ = {isa = PBXBuildFile; fileRef = D9F83AC82955C16800341AE9 /* WebdavService.swift */; };
		D9F83ACC2956BA2700341AE9 /* SystemPackage in Frameworks */ = {isa = PBXBuildFile; productRef = D9F83ACB2956BA2700341AE9 /* SystemPackage */; };
/* End PBXBuildFile section */

/* Begin PBXFileReference section */
		D934655729541FD80042A101 /* BookContextView.swift */ = {isa = PBXFileReference; lastKnownFileType = sourcecode.swift; path = BookContextView.swift; sourceTree = "<group>"; };
		D934655929541FFD0042A101 /* MusicConextView.swift */ = {isa = PBXFileReference; lastKnownFileType = sourcecode.swift; path = MusicConextView.swift; sourceTree = "<group>"; };
		D934655B295420150042A101 /* PictureContextView.swift */ = {isa = PBXFileReference; lastKnownFileType = sourcecode.swift; path = PictureContextView.swift; sourceTree = "<group>"; };
		D934655D2954202E0042A101 /* MoviesContextView.swift */ = {isa = PBXFileReference; lastKnownFileType = sourcecode.swift; path = MoviesContextView.swift; sourceTree = "<group>"; };
		D934655F295421760042A101 /* TaskItemView.swift */ = {isa = PBXFileReference; lastKnownFileType = sourcecode.swift; path = TaskItemView.swift; sourceTree = "<group>"; };
		D934656129542B1C0042A101 /* MoviesItemView.swift */ = {isa = PBXFileReference; lastKnownFileType = sourcecode.swift; path = MoviesItemView.swift; sourceTree = "<group>"; };
		D934656329542B3D0042A101 /* MoviesListView.swift */ = {isa = PBXFileReference; lastKnownFileType = sourcecode.swift; path = MoviesListView.swift; sourceTree = "<group>"; };
		D934656529542B600042A101 /* MoviesDetailView.swift */ = {isa = PBXFileReference; lastKnownFileType = sourcecode.swift; path = MoviesDetailView.swift; sourceTree = "<group>"; };
		D934656829543E410042A101 /* ProgressLoadView.swift */ = {isa = PBXFileReference; lastKnownFileType = sourcecode.swift; path = ProgressLoadView.swift; sourceTree = "<group>"; };
		D934656A295474FC0042A101 /* MoviesPlayView.swift */ = {isa = PBXFileReference; lastKnownFileType = sourcecode.swift; path = MoviesPlayView.swift; sourceTree = "<group>"; };
		D975E27A294ED201003BB2A6 /* ifeastApp.app */ = {isa = PBXFileReference; explicitFileType = wrapper.application; includeInIndex = 0; path = ifeastApp.app; sourceTree = BUILT_PRODUCTS_DIR; };
		D975E27D294ED201003BB2A6 /* ifeastAppApp.swift */ = {isa = PBXFileReference; lastKnownFileType = sourcecode.swift; path = ifeastAppApp.swift; sourceTree = "<group>"; };
		D975E27F294ED201003BB2A6 /* ContentView.swift */ = {isa = PBXFileReference; lastKnownFileType = sourcecode.swift; path = ContentView.swift; sourceTree = "<group>"; };
		D975E281294ED202003BB2A6 /* Assets.xcassets */ = {isa = PBXFileReference; lastKnownFileType = folder.assetcatalog; path = Assets.xcassets; sourceTree = "<group>"; };
		D975E284294ED202003BB2A6 /* Preview Assets.xcassets */ = {isa = PBXFileReference; lastKnownFileType = folder.assetcatalog; path = "Preview Assets.xcassets"; sourceTree = "<group>"; };
		D975E286294ED202003BB2A6 /* Persistence.swift */ = {isa = PBXFileReference; lastKnownFileType = sourcecode.swift; path = Persistence.swift; sourceTree = "<group>"; };
		D975E289294ED202003BB2A6 /* ifeastApp.xcdatamodel */ = {isa = PBXFileReference; lastKnownFileType = wrapper.xcdatamodel; path = ifeastApp.xcdatamodel; sourceTree = "<group>"; };
		D975E28B294ED202003BB2A6 /* Info.plist */ = {isa = PBXFileReference; lastKnownFileType = text.plist.xml; path = Info.plist; sourceTree = "<group>"; };
		D975E2B2294F4153003BB2A6 /* MediaType.swift */ = {isa = PBXFileReference; lastKnownFileType = sourcecode.swift; path = MediaType.swift; sourceTree = "<group>"; };
		D975E2B4294F41A8003BB2A6 /* TmdbService.swift */ = {isa = PBXFileReference; lastKnownFileType = sourcecode.swift; path = TmdbService.swift; sourceTree = "<group>"; };
		D975E2B6294F4228003BB2A6 /* MediaResult.swift */ = {isa = PBXFileReference; lastKnownFileType = sourcecode.swift; path = MediaResult.swift; sourceTree = "<group>"; };
		D975E2B8294F4270003BB2A6 /* Media.swift */ = {isa = PBXFileReference; lastKnownFileType = sourcecode.swift; path = Media.swift; sourceTree = "<group>"; };
		D975E2BA294F42C2003BB2A6 /* MediaType.swift */ = {isa = PBXFileReference; lastKnownFileType = sourcecode.swift; path = MediaType.swift; sourceTree = "<group>"; };
		D975E2BC294F431C003BB2A6 /* Language.swift */ = {isa = PBXFileReference; lastKnownFileType = sourcecode.swift; path = Language.swift; sourceTree = "<group>"; };
		D9F83AC22955C01100341AE9 /* StickyAsyncImageSwiftUI.swift */ = {isa = PBXFileReference; lastKnownFileType = sourcecode.swift; path = StickyAsyncImageSwiftUI.swift; sourceTree = "<group>"; };
		D9F83AC42955C03D00341AE9 /* Double + Ext.swift */ = {isa = PBXFileReference; lastKnownFileType = sourcecode.swift; path = "Double + Ext.swift"; sourceTree = "<group>"; };
		D9F83AC62955C09200341AE9 /* MediaApi.swift */ = {isa = PBXFileReference; lastKnownFileType = sourcecode.swift; path = MediaApi.swift; sourceTree = "<group>"; };
		D9F83AC82955C16800341AE9 /* WebdavService.swift */ = {isa = PBXFileReference; lastKnownFileType = sourcecode.swift; path = WebdavService.swift; sourceTree = "<group>"; };
/* End PBXFileReference section */

/* Begin PBXFrameworksBuildPhase section */
		D975E277294ED201003BB2A6 /* Frameworks */ = {
			isa = PBXFrameworksBuildPhase;
			buildActionMask = 2147483647;
			files = (
				D9F83ACC2956BA2700341AE9 /* SystemPackage in Frameworks */,
			);
			runOnlyForDeploymentPostprocessing = 0;
		};
/* End PBXFrameworksBuildPhase section */

/* Begin PBXGroup section */
		D934655329541E8D0042A101 /* MoviesView */ = {
			isa = PBXGroup;
			children = (
				D934655D2954202E0042A101 /* MoviesContextView.swift */,
				D934656129542B1C0042A101 /* MoviesItemView.swift */,
				D934656329542B3D0042A101 /* MoviesListView.swift */,
				D934656529542B600042A101 /* MoviesDetailView.swift */,
				D934656A295474FC0042A101 /* MoviesPlayView.swift */,
			);
			path = MoviesView;
			sourceTree = "<group>";
		};
		D934655429541E9D0042A101 /* PictureView */ = {
			isa = PBXGroup;
			children = (
				D934655B295420150042A101 /* PictureContextView.swift */,
			);
			path = PictureView;
			sourceTree = "<group>";
		};
		D934655529541F450042A101 /* MusicView */ = {
			isa = PBXGroup;
			children = (
				D934655929541FFD0042A101 /* MusicConextView.swift */,
			);
			path = MusicView;
			sourceTree = "<group>";
		};
		D934655629541F770042A101 /* BookView */ = {
			isa = PBXGroup;
			children = (
				D934655729541FD80042A101 /* BookContextView.swift */,
			);
			path = BookView;
			sourceTree = "<group>";
		};
		D934656729543DCE0042A101 /* ConfigView */ = {
			isa = PBXGroup;
			children = (
				D934656829543E410042A101 /* ProgressLoadView.swift */,
			);
			path = ConfigView;
			sourceTree = "<group>";
		};
		D975E271294ED201003BB2A6 = {
			isa = PBXGroup;
			children = (
				D975E27C294ED201003BB2A6 /* ifeastApp */,
				D975E27B294ED201003BB2A6 /* Products */,
			);
			sourceTree = "<group>";
		};
		D975E27B294ED201003BB2A6 /* Products */ = {
			isa = PBXGroup;
			children = (
				D975E27A294ED201003BB2A6 /* ifeastApp.app */,
			);
			name = Products;
			sourceTree = "<group>";
		};
		D975E27C294ED201003BB2A6 /* ifeastApp */ = {
			isa = PBXGroup;
			children = (
				D975E27D294ED201003BB2A6 /* ifeastAppApp.swift */,
				D975E2B1294F2095003BB2A6 /* Controller */,
				D975E2B0294F2063003BB2A6 /* View */,
				D975E2AF294F2049003BB2A6 /* Services */,
				D975E2AE294F202E003BB2A6 /* Model */,
				D975E281294ED202003BB2A6 /* Assets.xcassets */,
				D975E288294ED202003BB2A6 /* ifeastApp.xcdatamodeld */,
				D975E28B294ED202003BB2A6 /* Info.plist */,
				D975E283294ED202003BB2A6 /* Preview Content */,
			);
			path = ifeastApp;
			sourceTree = "<group>";
		};
		D975E283294ED202003BB2A6 /* Preview Content */ = {
			isa = PBXGroup;
			children = (
				D975E284294ED202003BB2A6 /* Preview Assets.xcassets */,
			);
			path = "Preview Content";
			sourceTree = "<group>";
		};
		D975E2AE294F202E003BB2A6 /* Model */ = {
			isa = PBXGroup;
			children = (
				D975E2B2294F4153003BB2A6 /* MediaType.swift */,
				D975E2B6294F4228003BB2A6 /* MediaResult.swift */,
				D975E2B8294F4270003BB2A6 /* Media.swift */,
				D975E2BA294F42C2003BB2A6 /* MediaType.swift */,
				D975E2BC294F431C003BB2A6 /* Language.swift */,
				D9F83AC62955C09200341AE9 /* MediaApi.swift */,
			);
			path = Model;
			sourceTree = "<group>";
		};
		D975E2AF294F2049003BB2A6 /* Services */ = {
			isa = PBXGroup;
			children = (
				D975E2B4294F41A8003BB2A6 /* TmdbService.swift */,
				D9F83AC82955C16800341AE9 /* WebdavService.swift */,
			);
			path = Services;
			sourceTree = "<group>";
		};
		D975E2B0294F2063003BB2A6 /* View */ = {
			isa = PBXGroup;
			children = (
				D975E27F294ED201003BB2A6 /* ContentView.swift */,
				D934655F295421760042A101 /* TaskItemView.swift */,
				D934655629541F770042A101 /* BookView */,
				D934655529541F450042A101 /* MusicView */,
				D934655329541E8D0042A101 /* MoviesView */,
				D934655429541E9D0042A101 /* PictureView */,
				D934656729543DCE0042A101 /* ConfigView */,
				D9F83AC12955BF8E00341AE9 /* HelperView */,
			);
			path = View;
			sourceTree = "<group>";
		};
		D975E2B1294F2095003BB2A6 /* Controller */ = {
			isa = PBXGroup;
			children = (
				D975E286294ED202003BB2A6 /* Persistence.swift */,
			);
			path = Controller;
			sourceTree = "<group>";
		};
		D9F83AC12955BF8E00341AE9 /* HelperView */ = {
			isa = PBXGroup;
			children = (
				D9F83AC22955C01100341AE9 /* StickyAsyncImageSwiftUI.swift */,
				D9F83AC42955C03D00341AE9 /* Double + Ext.swift */,
			);
			name = HelperView;
			path = ../HelperView;
			sourceTree = "<group>";
		};
/* End PBXGroup section */

/* Begin PBXNativeTarget section */
		D975E279294ED201003BB2A6 /* ifeastApp */ = {
			isa = PBXNativeTarget;
			buildConfigurationList = D975E2A4294ED202003BB2A6 /* Build configuration list for PBXNativeTarget "ifeastApp" */;
			buildPhases = (
				D975E276294ED201003BB2A6 /* Sources */,
				D975E277294ED201003BB2A6 /* Frameworks */,
				D975E278294ED201003BB2A6 /* Resources */,
			);
			buildRules = (
			);
			dependencies = (
			);
			name = ifeastApp;
			packageProductDependencies = (
				D9F83ACB2956BA2700341AE9 /* SystemPackage */,
			);
			productName = ifeastApp;
			productReference = D975E27A294ED201003BB2A6 /* ifeastApp.app */;
			productType = "com.apple.product-type.application";
		};
/* End PBXNativeTarget section */

/* Begin PBXProject section */
		D975E272294ED201003BB2A6 /* Project object */ = {
			isa = PBXProject;
			attributes = {
				BuildIndependentTargetsInParallel = 1;
				LastSwiftUpdateCheck = 1410;
				LastUpgradeCheck = 1410;
				TargetAttributes = {
					D975E279294ED201003BB2A6 = {
						CreatedOnToolsVersion = 14.1;
					};
				};
			};
			buildConfigurationList = D975E275294ED201003BB2A6 /* Build configuration list for PBXProject "ifeastApp" */;
			compatibilityVersion = "Xcode 14.0";
			developmentRegion = en;
			hasScannedForEncodings = 0;
			knownRegions = (
				en,
				Base,
			);
			mainGroup = D975E271294ED201003BB2A6;
			packageReferences = (
				D9F83ACA2956BA2700341AE9 /* XCRemoteSwiftPackageReference "swift-system" */,
			);
			productRefGroup = D975E27B294ED201003BB2A6 /* Products */;
			projectDirPath = "";
			projectRoot = "";
			targets = (
				D975E279294ED201003BB2A6 /* ifeastApp */,
			);
		};
/* End PBXProject section */

/* Begin PBXResourcesBuildPhase section */
		D975E278294ED201003BB2A6 /* Resources */ = {
			isa = PBXResourcesBuildPhase;
			buildActionMask = 2147483647;
			files = (
				D975E285294ED202003BB2A6 /* Preview Assets.xcassets in Resources */,
				D975E282294ED202003BB2A6 /* Assets.xcassets in Resources */,
			);
			runOnlyForDeploymentPostprocessing = 0;
		};
/* End PBXResourcesBuildPhase section */

/* Begin PBXSourcesBuildPhase section */
		D975E276294ED201003BB2A6 /* Sources */ = {
			isa = PBXSourcesBuildPhase;
			buildActionMask = 2147483647;
			files = (
				D9346560295421760042A101 /* TaskItemView.swift in Sources */,
				D934656429542B3D0042A101 /* MoviesListView.swift in Sources */,
				D9F83AC52955C03D00341AE9 /* Double + Ext.swift in Sources */,
				D975E2BB294F42C2003BB2A6 /* MediaType.swift in Sources */,
				D934655E2954202E0042A101 /* MoviesContextView.swift in Sources */,
				D934655829541FD80042A101 /* BookContextView.swift in Sources */,
				D975E287294ED202003BB2A6 /* Persistence.swift in Sources */,
				D934655C295420150042A101 /* PictureContextView.swift in Sources */,
				D934656B295474FC0042A101 /* MoviesPlayView.swift in Sources */,
				D975E2B7294F4228003BB2A6 /* MediaResult.swift in Sources */,
				D975E280294ED201003BB2A6 /* ContentView.swift in Sources */,
				D975E2B3294F4153003BB2A6 /* MediaType.swift in Sources */,
				D9F83AC32955C01100341AE9 /* StickyAsyncImageSwiftUI.swift in Sources */,
				D9F83AC72955C09200341AE9 /* MediaApi.swift in Sources */,
				D934656629542B600042A101 /* MoviesDetailView.swift in Sources */,
				D975E27E294ED201003BB2A6 /* ifeastAppApp.swift in Sources */,
				D9F83AC92955C16800341AE9 /* WebdavService.swift in Sources */,
				D975E2BD294F431C003BB2A6 /* Language.swift in Sources */,
				D975E2B5294F41A8003BB2A6 /* TmdbService.swift in Sources */,
				D934656229542B1C0042A101 /* MoviesItemView.swift in Sources */,
				D934655A29541FFD0042A101 /* MusicConextView.swift in Sources */,
				D934656929543E410042A101 /* ProgressLoadView.swift in Sources */,
				D975E2B9294F4270003BB2A6 /* Media.swift in Sources */,
				D975E28A294ED202003BB2A6 /* ifeastApp.xcdatamodeld in Sources */,
			);
			runOnlyForDeploymentPostprocessing = 0;
		};
/* End PBXSourcesBuildPhase section */

/* Begin XCBuildConfiguration section */
		D975E2A2294ED202003BB2A6 /* Debug */ = {
			isa = XCBuildConfiguration;
			buildSettings = {
				ALWAYS_SEARCH_USER_PATHS = NO;
				CLANG_ANALYZER_NONNULL = YES;
				CLANG_ANALYZER_NUMBER_OBJECT_CONVERSION = YES_AGGRESSIVE;
				CLANG_CXX_LANGUAGE_STANDARD = "gnu++20";
				CLANG_ENABLE_MODULES = YES;
				CLANG_ENABLE_OBJC_ARC = YES;
				CLANG_ENABLE_OBJC_WEAK = YES;
				CLANG_WARN_BLOCK_CAPTURE_AUTORELEASING = YES;
				CLANG_WARN_BOOL_CONVERSION = YES;
				CLANG_WARN_COMMA = YES;
				CLANG_WARN_CONSTANT_CONVERSION = YES;
				CLANG_WARN_DEPRECATED_OBJC_IMPLEMENTATIONS = YES;
				CLANG_WARN_DIRECT_OBJC_ISA_USAGE = YES_ERROR;
				CLANG_WARN_DOCUMENTATION_COMMENTS = YES;
				CLANG_WARN_EMPTY_BODY = YES;
				CLANG_WARN_ENUM_CONVERSION = YES;
				CLANG_WARN_INFINITE_RECURSION = YES;
				CLANG_WARN_INT_CONVERSION = YES;
				CLANG_WARN_NON_LITERAL_NULL_CONVERSION = YES;
				CLANG_WARN_OBJC_IMPLICIT_RETAIN_SELF = YES;
				CLANG_WARN_OBJC_LITERAL_CONVERSION = YES;
				CLANG_WARN_OBJC_ROOT_CLASS = YES_ERROR;
				CLANG_WARN_QUOTED_INCLUDE_IN_FRAMEWORK_HEADER = YES;
				CLANG_WARN_RANGE_LOOP_ANALYSIS = YES;
				CLANG_WARN_STRICT_PROTOTYPES = YES;
				CLANG_WARN_SUSPICIOUS_MOVE = YES;
				CLANG_WARN_UNGUARDED_AVAILABILITY = YES_AGGRESSIVE;
				CLANG_WARN_UNREACHABLE_CODE = YES;
				CLANG_WARN__DUPLICATE_METHOD_MATCH = YES;
				COPY_PHASE_STRIP = NO;
				DEBUG_INFORMATION_FORMAT = dwarf;
				ENABLE_STRICT_OBJC_MSGSEND = YES;
				ENABLE_TESTABILITY = YES;
				GCC_C_LANGUAGE_STANDARD = gnu11;
				GCC_DYNAMIC_NO_PIC = NO;
				GCC_NO_COMMON_BLOCKS = YES;
				GCC_OPTIMIZATION_LEVEL = 0;
				GCC_PREPROCESSOR_DEFINITIONS = (
					"DEBUG=1",
					"$(inherited)",
				);
				GCC_WARN_64_TO_32_BIT_CONVERSION = YES;
				GCC_WARN_ABOUT_RETURN_TYPE = YES_ERROR;
				GCC_WARN_UNDECLARED_SELECTOR = YES;
				GCC_WARN_UNINITIALIZED_AUTOS = YES_AGGRESSIVE;
				GCC_WARN_UNUSED_FUNCTION = YES;
				GCC_WARN_UNUSED_VARIABLE = YES;
				IPHONEOS_DEPLOYMENT_TARGET = 14.0;
				MACOSX_DEPLOYMENT_TARGET = 12.0;
				MTL_ENABLE_DEBUG_INFO = INCLUDE_SOURCE;
				MTL_FAST_MATH = YES;
				ONLY_ACTIVE_ARCH = YES;
				SDKROOT = iphoneos;
				SWIFT_ACTIVE_COMPILATION_CONDITIONS = DEBUG;
				SWIFT_OPTIMIZATION_LEVEL = "-Onone";
				TVOS_DEPLOYMENT_TARGET = 14.0;
			};
			name = Debug;
		};
		D975E2A3294ED202003BB2A6 /* Release */ = {
			isa = XCBuildConfiguration;
			buildSettings = {
				ALWAYS_SEARCH_USER_PATHS = NO;
				CLANG_ANALYZER_NONNULL = YES;
				CLANG_ANALYZER_NUMBER_OBJECT_CONVERSION = YES_AGGRESSIVE;
				CLANG_CXX_LANGUAGE_STANDARD = "gnu++20";
				CLANG_ENABLE_MODULES = YES;
				CLANG_ENABLE_OBJC_ARC = YES;
				CLANG_ENABLE_OBJC_WEAK = YES;
				CLANG_WARN_BLOCK_CAPTURE_AUTORELEASING = YES;
				CLANG_WARN_BOOL_CONVERSION = YES;
				CLANG_WARN_COMMA = YES;
				CLANG_WARN_CONSTANT_CONVERSION = YES;
				CLANG_WARN_DEPRECATED_OBJC_IMPLEMENTATIONS = YES;
				CLANG_WARN_DIRECT_OBJC_ISA_USAGE = YES_ERROR;
				CLANG_WARN_DOCUMENTATION_COMMENTS = YES;
				CLANG_WARN_EMPTY_BODY = YES;
				CLANG_WARN_ENUM_CONVERSION = YES;
				CLANG_WARN_INFINITE_RECURSION = YES;
				CLANG_WARN_INT_CONVERSION = YES;
				CLANG_WARN_NON_LITERAL_NULL_CONVERSION = YES;
				CLANG_WARN_OBJC_IMPLICIT_RETAIN_SELF = YES;
				CLANG_WARN_OBJC_LITERAL_CONVERSION = YES;
				CLANG_WARN_OBJC_ROOT_CLASS = YES_ERROR;
				CLANG_WARN_QUOTED_INCLUDE_IN_FRAMEWORK_HEADER = YES;
				CLANG_WARN_RANGE_LOOP_ANALYSIS = YES;
				CLANG_WARN_STRICT_PROTOTYPES = YES;
				CLANG_WARN_SUSPICIOUS_MOVE = YES;
				CLANG_WARN_UNGUARDED_AVAILABILITY = YES_AGGRESSIVE;
				CLANG_WARN_UNREACHABLE_CODE = YES;
				CLANG_WARN__DUPLICATE_METHOD_MATCH = YES;
				COPY_PHASE_STRIP = NO;
				DEBUG_INFORMATION_FORMAT = "dwarf-with-dsym";
				ENABLE_NS_ASSERTIONS = NO;
				ENABLE_STRICT_OBJC_MSGSEND = YES;
				GCC_C_LANGUAGE_STANDARD = gnu11;
				GCC_NO_COMMON_BLOCKS = YES;
				GCC_WARN_64_TO_32_BIT_CONVERSION = YES;
				GCC_WARN_ABOUT_RETURN_TYPE = YES_ERROR;
				GCC_WARN_UNDECLARED_SELECTOR = YES;
				GCC_WARN_UNINITIALIZED_AUTOS = YES_AGGRESSIVE;
				GCC_WARN_UNUSED_FUNCTION = YES;
				GCC_WARN_UNUSED_VARIABLE = YES;
				IPHONEOS_DEPLOYMENT_TARGET = 14.0;
				MACOSX_DEPLOYMENT_TARGET = 12.0;
				MTL_ENABLE_DEBUG_INFO = NO;
				MTL_FAST_MATH = YES;
				SDKROOT = iphoneos;
				SWIFT_COMPILATION_MODE = wholemodule;
				SWIFT_OPTIMIZATION_LEVEL = "-O";
				TVOS_DEPLOYMENT_TARGET = 14.0;
				VALIDATE_PRODUCT = YES;
			};
			name = Release;
		};
		D975E2A5294ED202003BB2A6 /* Debug */ = {
			isa = XCBuildConfiguration;
			buildSettings = {
				ASSETCATALOG_COMPILER_APPICON_NAME = AppIcon;
				ASSETCATALOG_COMPILER_GLOBAL_ACCENT_COLOR_NAME = AccentColor;
				CODE_SIGN_STYLE = Automatic;
				CURRENT_PROJECT_VERSION = 1;
				DEVELOPMENT_ASSET_PATHS = "\"ifeastApp/Preview Content\"";
				DEVELOPMENT_TEAM = D83GV443WA;
				ENABLE_PREVIEWS = YES;
				GENERATE_INFOPLIST_FILE = YES;
				INFOPLIST_KEY_UIApplicationSceneManifest_Generation = YES;
				INFOPLIST_KEY_UIApplicationSupportsIndirectInputEvents = YES;
				INFOPLIST_KEY_UILaunchScreen_Generation = YES;
				INFOPLIST_KEY_UISupportedInterfaceOrientations_iPad = "UIInterfaceOrientationPortrait UIInterfaceOrientationPortraitUpsideDown UIInterfaceOrientationLandscapeLeft UIInterfaceOrientationLandscapeRight";
				INFOPLIST_KEY_UISupportedInterfaceOrientations_iPhone = "UIInterfaceOrientationPortrait UIInterfaceOrientationLandscapeLeft UIInterfaceOrientationLandscapeRight";
				LD_RUNPATH_SEARCH_PATHS = (
					"$(inherited)",
					"@executable_path/Frameworks",
				);
				MARKETING_VERSION = 1.0;
				PRODUCT_BUNDLE_IDENTIFIER = com.stone.it.ifeastApp;
				PRODUCT_NAME = "$(TARGET_NAME)";
				SUPPORTED_PLATFORMS = "appletvos appletvsimulator iphoneos iphonesimulator macosx";
				SUPPORTS_MACCATALYST = NO;
				SUPPORTS_MAC_DESIGNED_FOR_IPHONE_IPAD = NO;
				SWIFT_EMIT_LOC_STRINGS = YES;
				SWIFT_VERSION = 5.0;
				TARGETED_DEVICE_FAMILY = "1,2,3";
			};
			name = Debug;
		};
		D975E2A6294ED202003BB2A6 /* Release */ = {
			isa = XCBuildConfiguration;
			buildSettings = {
				ASSETCATALOG_COMPILER_APPICON_NAME = AppIcon;
				ASSETCATALOG_COMPILER_GLOBAL_ACCENT_COLOR_NAME = AccentColor;
				CODE_SIGN_STYLE = Automatic;
				CURRENT_PROJECT_VERSION = 1;
				DEVELOPMENT_ASSET_PATHS = "\"ifeastApp/Preview Content\"";
				DEVELOPMENT_TEAM = D83GV443WA;
				ENABLE_PREVIEWS = YES;
				GENERATE_INFOPLIST_FILE = YES;
				INFOPLIST_KEY_UIApplicationSceneManifest_Generation = YES;
				INFOPLIST_KEY_UIApplicationSupportsIndirectInputEvents = YES;
				INFOPLIST_KEY_UILaunchScreen_Generation = YES;
				INFOPLIST_KEY_UISupportedInterfaceOrientations_iPad = "UIInterfaceOrientationPortrait UIInterfaceOrientationPortraitUpsideDown UIInterfaceOrientationLandscapeLeft UIInterfaceOrientationLandscapeRight";
				INFOPLIST_KEY_UISupportedInterfaceOrientations_iPhone = "UIInterfaceOrientationPortrait UIInterfaceOrientationLandscapeLeft UIInterfaceOrientationLandscapeRight";
				LD_RUNPATH_SEARCH_PATHS = (
					"$(inherited)",
					"@executable_path/Frameworks",
				);
				MARKETING_VERSION = 1.0;
				PRODUCT_BUNDLE_IDENTIFIER = com.stone.it.ifeastApp;
				PRODUCT_NAME = "$(TARGET_NAME)";
				SUPPORTED_PLATFORMS = "appletvos appletvsimulator iphoneos iphonesimulator macosx";
				SUPPORTS_MACCATALYST = NO;
				SUPPORTS_MAC_DESIGNED_FOR_IPHONE_IPAD = NO;
				SWIFT_EMIT_LOC_STRINGS = YES;
				SWIFT_VERSION = 5.0;
				TARGETED_DEVICE_FAMILY = "1,2,3";
			};
			name = Release;
		};
/* End XCBuildConfiguration section */

/* Begin XCConfigurationList section */
		D975E275294ED201003BB2A6 /* Build configuration list for PBXProject "ifeastApp" */ = {
			isa = XCConfigurationList;
			buildConfigurations = (
				D975E2A2294ED202003BB2A6 /* Debug */,
				D975E2A3294ED202003BB2A6 /* Release */,
			);
			defaultConfigurationIsVisible = 0;
			defaultConfigurationName = Release;
		};
		D975E2A4294ED202003BB2A6 /* Build configuration list for PBXNativeTarget "ifeastApp" */ = {
			isa = XCConfigurationList;
			buildConfigurations = (
				D975E2A5294ED202003BB2A6 /* Debug */,
				D975E2A6294ED202003BB2A6 /* Release */,
			);
			defaultConfigurationIsVisible = 0;
			defaultConfigurationName = Release;
		};
/* End XCConfigurationList section */

/* Begin XCRemoteSwiftPackageReference section */
		D9F83ACA2956BA2700341AE9 /* XCRemoteSwiftPackageReference "swift-system" */ = {
			isa = XCRemoteSwiftPackageReference;
			repositoryURL = "https://github.com/apple/swift-system.git";
			requirement = {
				kind = upToNextMajorVersion;
				minimumVersion = 1.0.0;
			};
		};
/* End XCRemoteSwiftPackageReference section */

/* Begin XCSwiftPackageProductDependency section */
		D9F83ACB2956BA2700341AE9 /* SystemPackage */ = {
			isa = XCSwiftPackageProductDependency;
			package = D9F83ACA2956BA2700341AE9 /* XCRemoteSwiftPackageReference "swift-system" */;
			productName = SystemPackage;
		};
/* End XCSwiftPackageProductDependency section */

/* Begin XCVersionGroup section */
		D975E288294ED202003BB2A6 /* ifeastApp.xcdatamodeld */ = {
			isa = XCVersionGroup;
			children = (
				D975E289294ED202003BB2A6 /* ifeastApp.xcdatamodel */,
			);
			currentVersion = D975E289294ED202003BB2A6 /* ifeastApp.xcdatamodel */;
			path = ifeastApp.xcdatamodeld;
			sourceTree = "<group>";
			versionGroupType = wrapper.xcdatamodel;
		};
/* End XCVersionGroup section */
	};
	rootObject = D975E272294ED201003BB2A6 /* Project object */;
}
